
Microsoft Visual Studio Solution File, Format Version 12.00
# Visual Studio Version 16
VisualStudioVersion = 16.0.31729.503
MinimumVisualStudioVersion = 10.0.40219.1
Project("{778DAE3C-4631-46EA-AA77-85C1314464D9}") = "MapLocationEditor", "MapLocationEditor\MapLocationEditor.vbproj", "{2B4727F1-518A-481E-83D7-4A90C65F261B}"
EndProject
Global
	GlobalSection(SolutionConfigurationPlatforms) = preSolution
		Debug|Any CPU = Debug|Any CPU
		Release|Any CPU = Release|Any CPU
	EndGlobalSection
	GlobalSection(ProjectConfigurationPlatforms) = postSolution
		{2B4727F1-518A-481E-83D7-4A90C65F261B}.Debug|Any CPU.ActiveCfg = Debug|Any CPU
		{2B4727F1-518A-481E-83D7-4A90C65F261B}.Debug|Any CPU.Build.0 = Debug|Any CPU
		{2B4727F1-518A-481E-83D7-4A90C65F261B}.Release|Any CPU.ActiveCfg = Release|Any CPU
		{2B4727F1-518A-481E-83D7-4A90C65F261B}.Release|Any CPU.Build.0 = Release|Any CPU
	EndGlobalSection
	GlobalSection(SolutionProperties) = preSolution
		HideSolutionNode = FALSE
	EndGlobalSection
	GlobalSection(ExtensibilityGlobals) = postSolution
		SolutionGuid = {4996DAE3-6CD3-4BBB-882B-200E23CE11A0}
	EndGlobalSection
EndGlobal
